// !$*UTF8*$!
{
	archiveVersion = 1;
	classes = {
	};
	objectVersion = 50;
	objects = {

/* Begin PBXBuildFile section */
		D9BE576A21E2288A0051FBD2 /* AppDelegate.swift in Sources */ = {isa = PBXBuildFile; fileRef = D9BE576921E2288A0051FBD2 /* AppDelegate.swift */; };
		D9BE576C21E2288A0051FBD2 /* MainScreenVC.swift in Sources */ = {isa = PBXBuildFile; fileRef = D9BE576B21E2288A0051FBD2 /* MainScreenVC.swift */; };
		D9BE576F21E2288A0051FBD2 /* Main.storyboard in Resources */ = {isa = PBXBuildFile; fileRef = D9BE576D21E2288A0051FBD2 /* Main.storyboard */; };
		D9BE577121E2288B0051FBD2 /* Assets.xcassets in Resources */ = {isa = PBXBuildFile; fileRef = D9BE577021E2288B0051FBD2 /* Assets.xcassets */; };
		D9BE577421E2288B0051FBD2 /* LaunchScreen.storyboard in Resources */ = {isa = PBXBuildFile; fileRef = D9BE577221E2288B0051FBD2 /* LaunchScreen.storyboard */; };
		D9BE577D21E234720051FBD2 /* Option.swift in Sources */ = {isa = PBXBuildFile; fileRef = D9BE577C21E234720051FBD2 /* Option.swift */; };
		D9BE578021E23AEE0051FBD2 /* BlueScreenVC.swift in Sources */ = {isa = PBXBuildFile; fileRef = D9BE577F21E23AEE0051FBD2 /* BlueScreenVC.swift */; };
		D9BE578221E23B1B0051FBD2 /* BlackScreenVC.swift in Sources */ = {isa = PBXBuildFile; fileRef = D9BE578121E23B1B0051FBD2 /* BlackScreenVC.swift */; };
/* End PBXBuildFile section */

/* Begin PBXFileReference section */
		D9BE576621E2288A0051FBD2 /* myFirstProjectForTesting.app */ = {isa = PBXFileReference; explicitFileType = wrapper.application; includeInIndex = 0; path = myFirstProjectForTesting.app; sourceTree = BUILT_PRODUCTS_DIR; };
		D9BE576921E2288A0051FBD2 /* AppDelegate.swift */ = {isa = PBXFileReference; lastKnownFileType = sourcecode.swift; path = AppDelegate.swift; sourceTree = "<group>"; };
		D9BE576B21E2288A0051FBD2 /* MainScreenVC.swift */ = {isa = PBXFileReference; lastKnownFileType = sourcecode.swift; path = MainScreenVC.swift; sourceTree = "<group>"; };
		D9BE576E21E2288A0051FBD2 /* Base */ = {isa = PBXFileReference; lastKnownFileType = file.storyboard; name = Base; path = Base.lproj/Main.storyboard; sourceTree = "<group>"; };
		D9BE577021E2288B0051FBD2 /* Assets.xcassets */ = {isa = PBXFileReference; lastKnownFileType = folder.assetcatalog; path = Assets.xcassets; sourceTree = "<group>"; };
		D9BE577321E2288B0051FBD2 /* Base */ = {isa = PBXFileReference; lastKnownFileType = file.storyboard; name = Base; path = Base.lproj/LaunchScreen.storyboard; sourceTree = "<group>"; };
		D9BE577521E2288B0051FBD2 /* Info.plist */ = {isa = PBXFileReference; lastKnownFileType = text.plist.xml; path = Info.plist; sourceTree = "<group>"; };
		D9BE577C21E234720051FBD2 /* Option.swift */ = {isa = PBXFileReference; lastKnownFileType = sourcecode.swift; path = Option.swift; sourceTree = "<group>"; };
		D9BE577F21E23AEE0051FBD2 /* BlueScreenVC.swift */ = {isa = PBXFileReference; lastKnownFileType = sourcecode.swift; path = BlueScreenVC.swift; sourceTree = "<group>"; };
		D9BE578121E23B1B0051FBD2 /* BlackScreenVC.swift */ = {isa = PBXFileReference; lastKnownFileType = sourcecode.swift; path = BlackScreenVC.swift; sourceTree = "<group>"; };
/* End PBXFileReference section */

/* Begin PBXFrameworksBuildPhase section */
		D9BE576321E2288A0051FBD2 /* Frameworks */ = {
			isa = PBXFrameworksBuildPhase;
			buildActionMask = 2147483647;
			files = (
			);
			runOnlyForDeploymentPostprocessing = 0;
		};
/* End PBXFrameworksBuildPhase section */

/* Begin PBXGroup section */
		D9BE575D21E2288A0051FBD2 = {
			isa = PBXGroup;
			children = (
				D9BE576821E2288A0051FBD2 /* myFirstProjectForTesting */,
				D9BE576721E2288A0051FBD2 /* Products */,
			);
			sourceTree = "<group>";
		};
		D9BE576721E2288A0051FBD2 /* Products */ = {
			isa = PBXGroup;
			children = (
				D9BE576621E2288A0051FBD2 /* myFirstProjectForTesting.app */,
			);
			name = Products;
			sourceTree = "<group>";
		};
		D9BE576821E2288A0051FBD2 /* myFirstProjectForTesting */ = {
			isa = PBXGroup;
			children = (
				D9BE577E21E23A0D0051FBD2 /* ViewControllers */,
				D9BE577B21E234600051FBD2 /* Models */,
				D9BE576921E2288A0051FBD2 /* AppDelegate.swift */,
				D9BE576D21E2288A0051FBD2 /* Main.storyboard */,
				D9BE577021E2288B0051FBD2 /* Assets.xcassets */,
				D9BE577221E2288B0051FBD2 /* LaunchScreen.storyboard */,
				D9BE577521E2288B0051FBD2 /* Info.plist */,
			);
			path = myFirstProjectForTesting;
			sourceTree = "<group>";
		};
		D9BE577B21E234600051FBD2 /* Models */ = {
			isa = PBXGroup;
			children = (
				D9BE577C21E234720051FBD2 /* Option.swift */,
			);
			path = Models;
			sourceTree = "<group>";
		};
		D9BE577E21E23A0D0051FBD2 /* ViewControllers */ = {
			isa = PBXGroup;
			children = (
				D9BE576B21E2288A0051FBD2 /* MainScreenVC.swift */,
				D9BE577F21E23AEE0051FBD2 /* BlueScreenVC.swift */,
				D9BE578121E23B1B0051FBD2 /* BlackScreenVC.swift */,
			);
			path = ViewControllers;
			sourceTree = "<group>";
		};
/* End PBXGroup section */

/* Begin PBXNativeTarget section */
		D9BE576521E2288A0051FBD2 /* myFirstProjectForTesting */ = {
			isa = PBXNativeTarget;
			buildConfigurationList = D9BE577821E2288B0051FBD2 /* Build configuration list for PBXNativeTarget "myFirstProjectForTesting" */;
			buildPhases = (
				D9BE576221E2288A0051FBD2 /* Sources */,
				D9BE576321E2288A0051FBD2 /* Frameworks */,
				D9BE576421E2288A0051FBD2 /* Resources */,
			);
			buildRules = (
			);
			dependencies = (
			);
			name = myFirstProjectForTesting;
			productName = myFirstProjectForTesting;
			productReference = D9BE576621E2288A0051FBD2 /* myFirstProjectForTesting.app */;
			productType = "com.apple.product-type.application";
		};
/* End PBXNativeTarget section */

/* Begin PBXProject section */
		D9BE575E21E2288A0051FBD2 /* Project object */ = {
			isa = PBXProject;
			attributes = {
				LastSwiftUpdateCheck = 1010;
				LastUpgradeCheck = 1010;
				ORGANIZATIONNAME = "Tomasz Guja";
				TargetAttributes = {
					D9BE576521E2288A0051FBD2 = {
						CreatedOnToolsVersion = 10.1;
					};
				};
			};
			buildConfigurationList = D9BE576121E2288A0051FBD2 /* Build configuration list for PBXProject "myFirstProjectForTesting" */;
			compatibilityVersion = "Xcode 9.3";
			developmentRegion = en;
			hasScannedForEncodings = 0;
			knownRegions = (
				en,
				Base,
			);
			mainGroup = D9BE575D21E2288A0051FBD2;
			productRefGroup = D9BE576721E2288A0051FBD2 /* Products */;
			projectDirPath = "";
			projectRoot = "";
			targets = (
				D9BE576521E2288A0051FBD2 /* myFirstProjectForTesting */,
			);
		};
/* End PBXProject section */

/* Begin PBXResourcesBuildPhase section */
		D9BE576421E2288A0051FBD2 /* Resources */ = {
			isa = PBXResourcesBuildPhase;
			buildActionMask = 2147483647;
			files = (
				D9BE577421E2288B0051FBD2 /* LaunchScreen.storyboard in Resources */,
				D9BE577121E2288B0051FBD2 /* Assets.xcassets in Resources */,
				D9BE576F21E2288A0051FBD2 /* Main.storyboard in Resources */,
			);
			runOnlyForDeploymentPostprocessing = 0;
		};
/* End PBXResourcesBuildPhase section */

/* Begin PBXSourcesBuildPhase section */
		D9BE576221E2288A0051FBD2 /* Sources */ = {
			isa = PBXSourcesBuildPhase;
			buildActionMask = 2147483647;
			files = (
				D9BE576C21E2288A0051FBD2 /* MainScreenVC.swift in Sources */,
				D9BE578221E23B1B0051FBD2 /* BlackScreenVC.swift in Sources */,
				D9BE577D21E234720051FBD2 /* Option.swift in Sources */,
				D9BE578021E23AEE0051FBD2 /* BlueScreenVC.swift in Sources */,
				D9BE576A21E2288A0051FBD2 /* AppDelegate.swift in Sources */,
			);
			runOnlyForDeploymentPostprocessing = 0;
		};
/* End PBXSourcesBuildPhase section */

/* Begin PBXVariantGroup section */
		D9BE576D21E2288A0051FBD2 /* Main.storyboard */ = {
			isa = PBXVariantGroup;
			children = (
				D9BE576E21E2288A0051FBD2 /* Base */,
			);
			name = Main.storyboard;
			sourceTree = "<group>";
		};
		D9BE577221E2288B0051FBD2 /* LaunchScreen.storyboard */ = {
			isa = PBXVariantGroup;
			children = (
				D9BE577321E2288B0051FBD2 /* Base */,
			);
			name = LaunchScreen.storyboard;
			sourceTree = "<group>";
		};
/* End PBXVariantGroup section */

/* Begin XCBuildConfiguration section */
		D9BE577621E2288B0051FBD2 /* Debug */ = {
			isa = XCBuildConfiguration;
			buildSettings = {
				ALWAYS_SEARCH_USER_PATHS = NO;
				CLANG_ANALYZER_NONNULL = YES;
				CLANG_ANALYZER_NUMBER_OBJECT_CONVERSION = YES_AGGRESSIVE;
				CLANG_CXX_LANGUAGE_STANDARD = "gnu++14";
				CLANG_CXX_LIBRARY = "libc++";
				CLANG_ENABLE_MODULES = YES;
				CLANG_ENABLE_OBJC_ARC = YES;
				CLANG_ENABLE_OBJC_WEAK = YES;
				CLANG_WARN_BLOCK_CAPTURE_AUTORELEASING = YES;
				CLANG_WARN_BOOL_CONVERSION = YES;
				CLANG_WARN_COMMA = YES;
				CLANG_WARN_CONSTANT_CONVERSION = YES;
				CLANG_WARN_DEPRECATED_OBJC_IMPLEMENTATIONS = YES;
				CLANG_WARN_DIRECT_OBJC_ISA_USAGE = YES_ERROR;
				CLANG_WARN_DOCUMENTATION_COMMENTS = YES;
				CLANG_WARN_EMPTY_BODY = YES;
				CLANG_WARN_ENUM_CONVERSION = YES;
				CLANG_WARN_INFINITE_RECURSION = YES;
				CLANG_WARN_INT_CONVERSION = YES;
				CLANG_WARN_NON_LITERAL_NULL_CONVERSION = YES;
				CLANG_WARN_OBJC_IMPLICIT_RETAIN_SELF = YES;
				CLANG_WARN_OBJC_LITERAL_CONVERSION = YES;
				CLANG_WARN_OBJC_ROOT_CLASS = YES_ERROR;
				CLANG_WARN_RANGE_LOOP_ANALYSIS = YES;
				CLANG_WARN_STRICT_PROTOTYPES = YES;
				CLANG_WARN_SUSPICIOUS_MOVE = YES;
				CLANG_WARN_UNGUARDED_AVAILABILITY = YES_AGGRESSIVE;
				CLANG_WARN_UNREACHABLE_CODE = YES;
				CLANG_WARN__DUPLICATE_METHOD_MATCH = YES;
				CODE_SIGN_IDENTITY = "iPhone Developer";
				COPY_PHASE_STRIP = NO;
				DEBUG_INFORMATION_FORMAT = dwarf;
				ENABLE_STRICT_OBJC_MSGSEND = YES;
				ENABLE_TESTABILITY = YES;
				GCC_C_LANGUAGE_STANDARD = gnu11;
				GCC_DYNAMIC_NO_PIC = NO;
				GCC_NO_COMMON_BLOCKS = YES;
				GCC_OPTIMIZATION_LEVEL = 0;
				GCC_PREPROCESSOR_DEFINITIONS = (
					"DEBUG=1",
					"$(inherited)",
				);
				GCC_WARN_64_TO_32_BIT_CONVERSION = YES;
				GCC_WARN_ABOUT_RETURN_TYPE = YES_ERROR;
				GCC_WARN_UNDECLARED_SELECTOR = YES;
				GCC_WARN_UNINITIALIZED_AUTOS = YES_AGGRESSIVE;
				GCC_WARN_UNUSED_FUNCTION = YES;
				GCC_WARN_UNUSED_VARIABLE = YES;
				IPHONEOS_DEPLOYMENT_TARGET = 12.1;
				MTL_ENABLE_DEBUG_INFO = INCLUDE_SOURCE;
				MTL_FAST_MATH = YES;
				ONLY_ACTIVE_ARCH = YES;
				SDKROOT = iphoneos;
				SWIFT_ACTIVE_COMPILATION_CONDITIONS = DEBUG;
				SWIFT_OPTIMIZATION_LEVEL = "-Onone";
			};
			name = Debug;
		};
		D9BE577721E2288B0051FBD2 /* Release */ = {
			isa = XCBuildConfiguration;
			buildSettings = {
				ALWAYS_SEARCH_USER_PATHS = NO;
				CLANG_ANALYZER_NONNULL = YES;
				CLANG_ANALYZER_NUMBER_OBJECT_CONVERSION = YES_AGGRESSIVE;
				CLANG_CXX_LANGUAGE_STANDARD = "gnu++14";
				CLANG_CXX_LIBRARY = "libc++";
				CLANG_ENABLE_MODULES = YES;
				CLANG_ENABLE_OBJC_ARC = YES;
				CLANG_ENABLE_OBJC_WEAK = YES;
				CLANG_WARN_BLOCK_CAPTURE_AUTORELEASING = YES;
				CLANG_WARN_BOOL_CONVERSION = YES;
				CLANG_WARN_COMMA = YES;
				CLANG_WARN_CONSTANT_CONVERSION = YES;
				CLANG_WARN_DEPRECATED_OBJC_IMPLEMENTATIONS = YES;
				CLANG_WARN_DIRECT_OBJC_ISA_USAGE = YES_ERROR;
				CLANG_WARN_DOCUMENTATION_COMMENTS = YES;
				CLANG_WARN_EMPTY_BODY = YES;
				CLANG_WARN_ENUM_CONVERSION = YES;
				CLANG_WARN_INFINITE_RECURSION = YES;
				CLANG_WARN_INT_CONVERSION = YES;
				CLANG_WARN_NON_LITERAL_NULL_CONVERSION = YES;
				CLANG_WARN_OBJC_IMPLICIT_RETAIN_SELF = YES;
				CLANG_WARN_OBJC_LITERAL_CONVERSION = YES;
				CLANG_WARN_OBJC_ROOT_CLASS = YES_ERROR;
				CLANG_WARN_RANGE_LOOP_ANALYSIS = YES;
				CLANG_WARN_STRICT_PROTOTYPES = YES;
				CLANG_WARN_SUSPICIOUS_MOVE = YES;
				CLANG_WARN_UNGUARDED_AVAILABILITY = YES_AGGRESSIVE;
				CLANG_WARN_UNREACHABLE_CODE = YES;
				CLANG_WARN__DUPLICATE_METHOD_MATCH = YES;
				CODE_SIGN_IDENTITY = "iPhone Developer";
				COPY_PHASE_STRIP = NO;
				DEBUG_INFORMATION_FORMAT = "dwarf-with-dsym";
				ENABLE_NS_ASSERTIONS = NO;
				ENABLE_STRICT_OBJC_MSGSEND = YES;
				GCC_C_LANGUAGE_STANDARD = gnu11;
				GCC_NO_COMMON_BLOCKS = YES;
				GCC_WARN_64_TO_32_BIT_CONVERSION = YES;
				GCC_WARN_ABOUT_RETURN_TYPE = YES_ERROR;
				GCC_WARN_UNDECLARED_SELECTOR = YES;
				GCC_WARN_UNINITIALIZED_AUTOS = YES_AGGRESSIVE;
				GCC_WARN_UNUSED_FUNCTION = YES;
				GCC_WARN_UNUSED_VARIABLE = YES;
				IPHONEOS_DEPLOYMENT_TARGET = 12.1;
				MTL_ENABLE_DEBUG_INFO = NO;
				MTL_FAST_MATH = YES;
				SDKROOT = iphoneos;
				SWIFT_COMPILATION_MODE = wholemodule;
				SWIFT_OPTIMIZATION_LEVEL = "-O";
				VALIDATE_PRODUCT = YES;
			};
			name = Release;
		};
		D9BE577921E2288B0051FBD2 /* Debug */ = {
			isa = XCBuildConfiguration;
			buildSettings = {
				ASSETCATALOG_COMPILER_APPICON_NAME = AppIcon;
				CODE_SIGN_STYLE = Automatic;
				INFOPLIST_FILE = myFirstProjectForTesting/Info.plist;
				LD_RUNPATH_SEARCH_PATHS = (
					"$(inherited)",
					"@executable_path/Frameworks",
				);
				PRODUCT_BUNDLE_IDENTIFIER = "G-Studio.myFirstProjectForTesting";
				PRODUCT_NAME = "$(TARGET_NAME)";
				SWIFT_VERSION = 4.2;
				TARGETED_DEVICE_FAMILY = "1,2";
			};
			name = Debug;
		};
		D9BE577A21E2288B0051FBD2 /* Release */ = {
			isa = XCBuildConfiguration;
			buildSettings = {
				ASSETCATALOG_COMPILER_APPICON_NAME = AppIcon;
				CODE_SIGN_STYLE = Automatic;
				INFOPLIST_FILE = myFirstProjectForTesting/Info.plist;
				LD_RUNPATH_SEARCH_PATHS = (
					"$(inherited)",
					"@executable_path/Frameworks",
				);
				PRODUCT_BUNDLE_IDENTIFIER = "G-Studio.myFirstProjectForTesting";
				PRODUCT_NAME = "$(TARGET_NAME)";
				SWIFT_VERSION = 4.2;
				TARGETED_DEVICE_FAMILY = "1,2";
			};
			name = Release;
		};
/* End XCBuildConfiguration section */

/* Begin XCConfigurationList section */
		D9BE576121E2288A0051FBD2 /* Build configuration list for PBXProject "myFirstProjectForTesting" */ = {
			isa = XCConfigurationList;
			buildConfigurations = (
				D9BE577621E2288B0051FBD2 /* Debug */,
				D9BE577721E2288B0051FBD2 /* Release */,
			);
			defaultConfigurationIsVisible = 0;
			defaultConfigurationName = Release;
		};
		D9BE577821E2288B0051FBD2 /* Build configuration list for PBXNativeTarget "myFirstProjectForTesting" */ = {
			isa = XCConfigurationList;
			buildConfigurations = (
				D9BE577921E2288B0051FBD2 /* Debug */,
				D9BE577A21E2288B0051FBD2 /* Release */,
			);
			defaultConfigurationIsVisible = 0;
			defaultConfigurationName = Release;
		};
/* End XCConfigurationList section */
	};
	rootObject = D9BE575E21E2288A0051FBD2 /* Project object */;
}
